
Microsoft Visual Studio Solution File, Format Version 12.00
# Visual Studio 15
VisualStudioVersion = 15.0.26730.16
MinimumVisualStudioVersion = 10.0.40219.1
Project("{FAE04EC0-301F-11D3-BF4B-00C04F79EFBC}") = "Test_Qr_Code.Android", "Test_Qr_Code\Test_Qr_Code.Android\Test_Qr_Code.Android.csproj", "{7A246EA1-1E58-48B7-93AF-3C42E200653C}"
EndProject
Project("{FAE04EC0-301F-11D3-BF4B-00C04F79EFBC}") = "Test_Qr_Code", "Test_Qr_Code\Test_Qr_Code\Test_Qr_Code.csproj", "{E5D214DB-F98B-44C5-89EA-8DBB4859BC13}"
EndProject
Global
	GlobalSection(SolutionConfigurationPlatforms) = preSolution
		Ad-Hoc|Any CPU = Ad-Hoc|Any CPU
		Ad-Hoc|iPhone = Ad-Hoc|iPhone
		Ad-Hoc|iPhoneSimulator = Ad-Hoc|iPhoneSimulator
		AppStore|Any CPU = AppStore|Any CPU
		AppStore|iPhone = AppStore|iPhone
		AppStore|iPhoneSimulator = AppStore|iPhoneSimulator
		Debug|Any CPU = Debug|Any CPU
		Debug|iPhone = Debug|iPhone
		Debug|iPhoneSimulator = Debug|iPhoneSimulator
		Release|Any CPU = Release|Any CPU
		Release|iPhone = Release|iPhone
		Release|iPhoneSimulator = Release|iPhoneSimulator
	EndGlobalSection
	GlobalSection(ProjectConfigurationPlatforms) = postSolution
		{7A246EA1-1E58-48B7-93AF-3C42E200653C}.Ad-Hoc|Any CPU.ActiveCfg = Release|Any CPU
		{7A246EA1-1E58-48B7-93AF-3C42E200653C}.Ad-Hoc|Any CPU.Build.0 = Release|Any CPU
		{7A246EA1-1E58-48B7-93AF-3C42E200653C}.Ad-Hoc|Any CPU.Deploy.0 = Release|Any CPU
		{7A246EA1-1E58-48B7-93AF-3C42E200653C}.Ad-Hoc|iPhone.ActiveCfg = Release|Any CPU
		{7A246EA1-1E58-48B7-93AF-3C42E200653C}.Ad-Hoc|iPhone.Build.0 = Release|Any CPU
		{7A246EA1-1E58-48B7-93AF-3C42E200653C}.Ad-Hoc|iPhone.Deploy.0 = Release|Any CPU
		{7A246EA1-1E58-48B7-93AF-3C42E200653C}.Ad-Hoc|iPhoneSimulator.ActiveCfg = Release|Any CPU
		{7A246EA1-1E58-48B7-93AF-3C42E200653C}.Ad-Hoc|iPhoneSimulator.Build.0 = Release|Any CPU
		{7A246EA1-1E58-48B7-93AF-3C42E200653C}.Ad-Hoc|iPhoneSimulator.Deploy.0 = Release|Any CPU
		{7A246EA1-1E58-48B7-93AF-3C42E200653C}.AppStore|Any CPU.ActiveCfg = Release|Any CPU
		{7A246EA1-1E58-48B7-93AF-3C42E200653C}.AppStore|Any CPU.Build.0 = Release|Any CPU
		{7A246EA1-1E58-48B7-93AF-3C42E200653C}.AppStore|Any CPU.Deploy.0 = Release|Any CPU
		{7A246EA1-1E58-48B7-93AF-3C42E200653C}.AppStore|iPhone.ActiveCfg = Release|Any CPU
		{7A246EA1-1E58-48B7-93AF-3C42E200653C}.AppStore|iPhone.Build.0 = Release|Any CPU
		{7A246EA1-1E58-48B7-93AF-3C42E200653C}.AppStore|iPhone.Deploy.0 = Release|Any CPU
		{7A246EA1-1E58-48B7-93AF-3C42E200653C}.AppStore|iPhoneSimulator.ActiveCfg = Release|Any CPU
		{7A246EA1-1E58-48B7-93AF-3C42E200653C}.AppStore|iPhoneSimulator.Build.0 = Release|Any CPU
		{7A246EA1-1E58-48B7-93AF-3C42E200653C}.AppStore|iPhoneSimulator.Deploy.0 = Release|Any CPU
		{7A246EA1-1E58-48B7-93AF-3C42E200653C}.Debug|Any CPU.ActiveCfg = Debug|Any CPU
		{7A246EA1-1E58-48B7-93AF-3C42E200653C}.Debug|Any CPU.Build.0 = Debug|Any CPU
		{7A246EA1-1E58-48B7-93AF-3C42E200653C}.Debug|Any CPU.Deploy.0 = Debug|Any CPU
		{7A246EA1-1E58-48B7-93AF-3C42E200653C}.Debug|iPhone.ActiveCfg = Debug|Any CPU
		{7A246EA1-1E58-48B7-93AF-3C42E200653C}.Debug|iPhone.Build.0 = Debug|Any CPU
		{7A246EA1-1E58-48B7-93AF-3C42E200653C}.Debug|iPhone.Deploy.0 = Debug|Any CPU
		{7A246EA1-1E58-48B7-93AF-3C42E200653C}.Debug|iPhoneSimulator.ActiveCfg = Debug|Any CPU
		{7A246EA1-1E58-48B7-93AF-3C42E200653C}.Debug|iPhoneSimulator.Build.0 = Debug|Any CPU
		{7A246EA1-1E58-48B7-93AF-3C42E200653C}.Debug|iPhoneSimulator.Deploy.0 = Debug|Any CPU
		{7A246EA1-1E58-48B7-93AF-3C42E200653C}.Release|Any CPU.ActiveCfg = Release|Any CPU
		{7A246EA1-1E58-48B7-93AF-3C42E200653C}.Release|Any CPU.Build.0 = Release|Any CPU
		{7A246EA1-1E58-48B7-93AF-3C42E200653C}.Release|Any CPU.Deploy.0 = Release|Any CPU
		{7A246EA1-1E58-48B7-93AF-3C42E200653C}.Release|iPhone.ActiveCfg = Release|Any CPU
		{7A246EA1-1E58-48B7-93AF-3C42E200653C}.Release|iPhone.Build.0 = Release|Any CPU
		{7A246EA1-1E58-48B7-93AF-3C42E200653C}.Release|iPhone.Deploy.0 = Release|Any CPU
		{7A246EA1-1E58-48B7-93AF-3C42E200653C}.Release|iPhoneSimulator.ActiveCfg = Release|Any CPU
		{7A246EA1-1E58-48B7-93AF-3C42E200653C}.Release|iPhoneSimulator.Build.0 = Release|Any CPU
		{7A246EA1-1E58-48B7-93AF-3C42E200653C}.Release|iPhoneSimulator.Deploy.0 = Release|Any CPU
		{E5D214DB-F98B-44C5-89EA-8DBB4859BC13}.Ad-Hoc|Any CPU.ActiveCfg = Release|Any CPU
		{E5D214DB-F98B-44C5-89EA-8DBB4859BC13}.Ad-Hoc|Any CPU.Build.0 = Release|Any CPU
		{E5D214DB-F98B-44C5-89EA-8DBB4859BC13}.Ad-Hoc|iPhone.ActiveCfg = Release|Any CPU
		{E5D214DB-F98B-44C5-89EA-8DBB4859BC13}.Ad-Hoc|iPhone.Build.0 = Release|Any CPU
		{E5D214DB-F98B-44C5-89EA-8DBB4859BC13}.Ad-Hoc|iPhoneSimulator.ActiveCfg = Release|Any CPU
		{E5D214DB-F98B-44C5-89EA-8DBB4859BC13}.Ad-Hoc|iPhoneSimulator.Build.0 = Release|Any CPU
		{E5D214DB-F98B-44C5-89EA-8DBB4859BC13}.AppStore|Any CPU.ActiveCfg = Release|Any CPU
		{E5D214DB-F98B-44C5-89EA-8DBB4859BC13}.AppStore|Any CPU.Build.0 = Release|Any CPU
		{E5D214DB-F98B-44C5-89EA-8DBB4859BC13}.AppStore|iPhone.ActiveCfg = Release|Any CPU
		{E5D214DB-F98B-44C5-89EA-8DBB4859BC13}.AppStore|iPhone.Build.0 = Release|Any CPU
		{E5D214DB-F98B-44C5-89EA-8DBB4859BC13}.AppStore|iPhoneSimulator.ActiveCfg = Release|Any CPU
		{E5D214DB-F98B-44C5-89EA-8DBB4859BC13}.AppStore|iPhoneSimulator.Build.0 = Release|Any CPU
		{E5D214DB-F98B-44C5-89EA-8DBB4859BC13}.Debug|Any CPU.ActiveCfg = Debug|Any CPU
		{E5D214DB-F98B-44C5-89EA-8DBB4859BC13}.Debug|Any CPU.Build.0 = Debug|Any CPU
		{E5D214DB-F98B-44C5-89EA-8DBB4859BC13}.Debug|iPhone.ActiveCfg = Debug|Any CPU
		{E5D214DB-F98B-44C5-89EA-8DBB4859BC13}.Debug|iPhone.Build.0 = Debug|Any CPU
		{E5D214DB-F98B-44C5-89EA-8DBB4859BC13}.Debug|iPhoneSimulator.ActiveCfg = Debug|Any CPU
		{E5D214DB-F98B-44C5-89EA-8DBB4859BC13}.Debug|iPhoneSimulator.Build.0 = Debug|Any CPU
		{E5D214DB-F98B-44C5-89EA-8DBB4859BC13}.Release|Any CPU.ActiveCfg = Release|Any CPU
		{E5D214DB-F98B-44C5-89EA-8DBB4859BC13}.Release|Any CPU.Build.0 = Release|Any CPU
		{E5D214DB-F98B-44C5-89EA-8DBB4859BC13}.Release|iPhone.ActiveCfg = Release|Any CPU
		{E5D214DB-F98B-44C5-89EA-8DBB4859BC13}.Release|iPhone.Build.0 = Release|Any CPU
		{E5D214DB-F98B-44C5-89EA-8DBB4859BC13}.Release|iPhoneSimulator.ActiveCfg = Release|Any CPU
		{E5D214DB-F98B-44C5-89EA-8DBB4859BC13}.Release|iPhoneSimulator.Build.0 = Release|Any CPU
	EndGlobalSection
	GlobalSection(SolutionProperties) = preSolution
		HideSolutionNode = FALSE
	EndGlobalSection
	GlobalSection(ExtensibilityGlobals) = postSolution
		SolutionGuid = {429CFD0F-56A7-46C4-B338-D79E3982EB50}
	EndGlobalSection
EndGlobal
